
Microsoft Visual Studio Solution File, Format Version 12.00
# Visual Studio Version 17
VisualStudioVersion = 17.9.34622.214
MinimumVisualStudioVersion = 10.0.40219.1
Project("{FAE04EC0-301F-11D3-BF4B-00C04F79EFBC}") = "Progetto_Planetario", "Progetto_Planetario.csproj", "{0BCC38AB-CCA5-4DB5-86DE-F6F5E7D1CF54}"
EndProject
Global
	GlobalSection(SolutionConfigurationPlatforms) = preSolution
		Debug|Any CPU = Debug|Any CPU
		Release|Any CPU = Release|Any CPU
	EndGlobalSection
	GlobalSection(ProjectConfigurationPlatforms) = postSolution
		{0BCC38AB-CCA5-4DB5-86DE-F6F5E7D1CF54}.Debug|Any CPU.ActiveCfg = Debug|Any CPU
		{0BCC38AB-CCA5-4DB5-86DE-F6F5E7D1CF54}.Debug|Any CPU.Build.0 = Debug|Any CPU
		{0BCC38AB-CCA5-4DB5-86DE-F6F5E7D1CF54}.Release|Any CPU.ActiveCfg = Release|Any CPU
		{0BCC38AB-CCA5-4DB5-86DE-F6F5E7D1CF54}.Release|Any CPU.Build.0 = Release|Any CPU
	EndGlobalSection
	GlobalSection(SolutionProperties) = preSolution
		HideSolutionNode = FALSE
	EndGlobalSection
	GlobalSection(ExtensibilityGlobals) = postSolution
		SolutionGuid = {781B00B2-E209-4B13-B92E-3C2B96747B6B}
	EndGlobalSection
EndGlobal
